Microsoft Visual Studio Solution File, Format Version 11.00
# Visual Studio 2008

Project("{02EEFBF4-E552-C1BE-C762-FAC1880CC50F}") = "Global game jam", "Assembly-CSharp.csproj", "{F5A0C04A-E03C-2F32-1B0B-F594D1C85553}"
EndProject
Project("{02EEFBF4-E552-C1BE-C762-FAC1880CC50F}") = "Global game jam", "Assembly-UnityScript-firstpass.unityproj", "{9AA23720-8E02-5E1D-1DF0-96A685570D9E}"
EndProject
Global
	GlobalSection(SolutionConfigurationPlatforms) = preSolution
		Debug|Any CPU = Debug|Any CPU
		Release|Any CPU = Release|Any CPU
	EndGlobalSection
	GlobalSection(ProjectConfigurationPlatforms) = postSolution
		{F5A0C04A-E03C-2F32-1B0B-F594D1C85553}.Debug|Any CPU.ActiveCfg = Debug|Any CPU
		{F5A0C04A-E03C-2F32-1B0B-F594D1C85553}.Debug|Any CPU.Build.0 = Debug|Any CPU
		{F5A0C04A-E03C-2F32-1B0B-F594D1C85553}.Release|Any CPU.ActiveCfg = Release|Any CPU
		{F5A0C04A-E03C-2F32-1B0B-F594D1C85553}.Release|Any CPU.Build.0 = Release|Any CPU
		{9AA23720-8E02-5E1D-1DF0-96A685570D9E}.Debug|Any CPU.ActiveCfg = Debug|Any CPU
		{9AA23720-8E02-5E1D-1DF0-96A685570D9E}.Debug|Any CPU.Build.0 = Debug|Any CPU
		{9AA23720-8E02-5E1D-1DF0-96A685570D9E}.Release|Any CPU.ActiveCfg = Release|Any CPU
		{9AA23720-8E02-5E1D-1DF0-96A685570D9E}.Release|Any CPU.Build.0 = Release|Any CPU
	EndGlobalSection
	GlobalSection(SolutionProperties) = preSolution
		HideSolutionNode = FALSE
	EndGlobalSection
																																																				GlobalSection(MonoDevelopProperties) = preSolution
		StartupItem = Assembly-CSharp.csproj
		Policies = $0
		$0.TextStylePolicy = $1
		$1.inheritsSet = null
		$1.scope = text/x-csharp
		$0.CSharpFormattingPolicy = $2
		$2.inheritsSet = Mono
		$2.inheritsScope = text/x-csharp
		$2.scope = text/x-csharp
		$0.TextStylePolicy = $3
		$3.FileWidth = 120
		$3.TabWidth = 4
		$3.EolMarker = Unix
		$3.inheritsSet = Mono
		$3.inheritsScope = text/plain
		$3.scope = text/plain
	EndGlobalSection

EndGlobal
